
Microsoft Visual Studio Solution File, Format Version 12.00
# Visual Studio Version 16
VisualStudioVersion = 16.0.29806.167
MinimumVisualStudioVersion = 10.0.40219.1
Project("{FAE04EC0-301F-11D3-BF4B-00C04F79EFBC}") = "HealthStation_Test.WEBAPI", "HealthStation_Test.WEBAPI\HealthStation_Test.WEBAPI.csproj", "{A2906856-B6D7-4355-AF43-7747415DFF64}"
EndProject
Project("{FAE04EC0-301F-11D3-BF4B-00C04F79EFBC}") = "HealthStation_Test.Data", "HealthStation_Test.Data\HealthStation_Test.Data.csproj", "{180D5255-AD71-4815-82DE-27D6C536F721}"
EndProject
Project("{FAE04EC0-301F-11D3-BF4B-00C04F79EFBC}") = "HealthStation_Test.Entities", "HealthStation_Test.Entities\HealthStation_Test.Entities.csproj", "{E6FC784E-35CC-4774-8E9E-D57EBFA0CB72}"
EndProject
Project("{FAE04EC0-301F-11D3-BF4B-00C04F79EFBC}") = "HealthStation_Test.Services", "HealthStation_Test.Services\HealthStation_Test.Services.csproj", "{0B6F4C01-DEE7-4764-82B6-77781B1F9A8E}"
EndProject
Project("{FAE04EC0-301F-11D3-BF4B-00C04F79EFBC}") = "HealthStation_Test.Shared", "HealthStation_Test.Shared\HealthStation_Test.Shared.csproj", "{40BD3C45-331A-4EAF-8131-F95737EC657F}"
EndProject
Global
	GlobalSection(SolutionConfigurationPlatforms) = preSolution
		Debug|Any CPU = Debug|Any CPU
		Release|Any CPU = Release|Any CPU
	EndGlobalSection
	GlobalSection(ProjectConfigurationPlatforms) = postSolution
		{A2906856-B6D7-4355-AF43-7747415DFF64}.Debug|Any CPU.ActiveCfg = Debug|Any CPU
		{A2906856-B6D7-4355-AF43-7747415DFF64}.Debug|Any CPU.Build.0 = Debug|Any CPU
		{A2906856-B6D7-4355-AF43-7747415DFF64}.Release|Any CPU.ActiveCfg = Release|Any CPU
		{A2906856-B6D7-4355-AF43-7747415DFF64}.Release|Any CPU.Build.0 = Release|Any CPU
		{180D5255-AD71-4815-82DE-27D6C536F721}.Debug|Any CPU.ActiveCfg = Debug|Any CPU
		{180D5255-AD71-4815-82DE-27D6C536F721}.Debug|Any CPU.Build.0 = Debug|Any CPU
		{180D5255-AD71-4815-82DE-27D6C536F721}.Release|Any CPU.ActiveCfg = Release|Any CPU
		{180D5255-AD71-4815-82DE-27D6C536F721}.Release|Any CPU.Build.0 = Release|Any CPU
		{E6FC784E-35CC-4774-8E9E-D57EBFA0CB72}.Debug|Any CPU.ActiveCfg = Debug|Any CPU
		{E6FC784E-35CC-4774-8E9E-D57EBFA0CB72}.Debug|Any CPU.Build.0 = Debug|Any CPU
		{E6FC784E-35CC-4774-8E9E-D57EBFA0CB72}.Release|Any CPU.ActiveCfg = Release|Any CPU
		{E6FC784E-35CC-4774-8E9E-D57EBFA0CB72}.Release|Any CPU.Build.0 = Release|Any CPU
		{0B6F4C01-DEE7-4764-82B6-77781B1F9A8E}.Debug|Any CPU.ActiveCfg = Debug|Any CPU
		{0B6F4C01-DEE7-4764-82B6-77781B1F9A8E}.Debug|Any CPU.Build.0 = Debug|Any CPU
		{0B6F4C01-DEE7-4764-82B6-77781B1F9A8E}.Release|Any CPU.ActiveCfg = Release|Any CPU
		{0B6F4C01-DEE7-4764-82B6-77781B1F9A8E}.Release|Any CPU.Build.0 = Release|Any CPU
		{40BD3C45-331A-4EAF-8131-F95737EC657F}.Debug|Any CPU.ActiveCfg = Debug|Any CPU
		{40BD3C45-331A-4EAF-8131-F95737EC657F}.Debug|Any CPU.Build.0 = Debug|Any CPU
		{40BD3C45-331A-4EAF-8131-F95737EC657F}.Release|Any CPU.ActiveCfg = Release|Any CPU
		{40BD3C45-331A-4EAF-8131-F95737EC657F}.Release|Any CPU.Build.0 = Release|Any CPU
	EndGlobalSection
	GlobalSection(SolutionProperties) = preSolution
		HideSolutionNode = FALSE
	EndGlobalSection
	GlobalSection(ExtensibilityGlobals) = postSolution
		SolutionGuid = {048CB80D-C78F-4C82-ADDE-E0DDCB4169A0}
	EndGlobalSection
EndGlobal
